// !$*UTF8*$!
{
	archiveVersion = 1;
	classes = {
	};
	objectVersion = 50;
	objects = {

/* Begin PBXBuildFile section */
		1D79C97C02E9A6FB847761CF /* Pods_SkyFloatingLabelTextField.framework in Frameworks */ = {isa = PBXBuildFile; fileRef = 2ED1BD0F43C92AF402061223 /* Pods_SkyFloatingLabelTextField.framework */; };
		39AAE77022CEEE8900BB837C /* AppDelegate.swift in Sources */ = {isa = PBXBuildFile; fileRef = 39AAE76F22CEEE8900BB837C /* AppDelegate.swift */; };
		39AAE77222CEEE8900BB837C /* ViewController.swift in Sources */ = {isa = PBXBuildFile; fileRef = 39AAE77122CEEE8900BB837C /* ViewController.swift */; };
		39AAE77522CEEE8900BB837C /* Main.storyboard in Resources */ = {isa = PBXBuildFile; fileRef = 39AAE77322CEEE8900BB837C /* Main.storyboard */; };
		39AAE77722CEEE8A00BB837C /* Assets.xcassets in Resources */ = {isa = PBXBuildFile; fileRef = 39AAE77622CEEE8A00BB837C /* Assets.xcassets */; };
		39AAE77A22CEEE8A00BB837C /* LaunchScreen.storyboard in Resources */ = {isa = PBXBuildFile; fileRef = 39AAE77822CEEE8A00BB837C /* LaunchScreen.storyboard */; };
/* End PBXBuildFile section */

/* Begin PBXFileReference section */
		2ED1BD0F43C92AF402061223 /* Pods_SkyFloatingLabelTextField.framework */ = {isa = PBXFileReference; explicitFileType = wrapper.framework; includeInIndex = 0; path = Pods_SkyFloatingLabelTextField.framework; sourceTree = BUILT_PRODUCTS_DIR; };
		39AAE76C22CEEE8900BB837C /* SkyFloatingLabelTextField.app */ = {isa = PBXFileReference; explicitFileType = wrapper.application; includeInIndex = 0; path = SkyFloatingLabelTextField.app; sourceTree = BUILT_PRODUCTS_DIR; };
		39AAE76F22CEEE8900BB837C /* AppDelegate.swift */ = {isa = PBXFileReference; lastKnownFileType = sourcecode.swift; path = AppDelegate.swift; sourceTree = "<group>"; };
		39AAE77122CEEE8900BB837C /* ViewController.swift */ = {isa = PBXFileReference; lastKnownFileType = sourcecode.swift; path = ViewController.swift; sourceTree = "<group>"; };
		39AAE77422CEEE8900BB837C /* Base */ = {isa = PBXFileReference; lastKnownFileType = file.storyboard; name = Base; path = Base.lproj/Main.storyboard; sourceTree = "<group>"; };
		39AAE77622CEEE8A00BB837C /* Assets.xcassets */ = {isa = PBXFileReference; lastKnownFileType = folder.assetcatalog; path = Assets.xcassets; sourceTree = "<group>"; };
		39AAE77922CEEE8A00BB837C /* Base */ = {isa = PBXFileReference; lastKnownFileType = file.storyboard; name = Base; path = Base.lproj/LaunchScreen.storyboard; sourceTree = "<group>"; };
		39AAE77B22CEEE8A00BB837C /* Info.plist */ = {isa = PBXFileReference; lastKnownFileType = text.plist.xml; path = Info.plist; sourceTree = "<group>"; };
		7E65DDD3F7F8D87FC578E385 /* Pods-SkyFloatingLabelTextField.release.xcconfig */ = {isa = PBXFileReference; includeInIndex = 1; lastKnownFileType = text.xcconfig; name = "Pods-SkyFloatingLabelTextField.release.xcconfig"; path = "Target Support Files/Pods-SkyFloatingLabelTextField/Pods-SkyFloatingLabelTextField.release.xcconfig"; sourceTree = "<group>"; };
		96468E81F59DB16C9F573449 /* Pods-SkyFloatingLabelTextField.debug.xcconfig */ = {isa = PBXFileReference; includeInIndex = 1; lastKnownFileType = text.xcconfig; name = "Pods-SkyFloatingLabelTextField.debug.xcconfig"; path = "Target Support Files/Pods-SkyFloatingLabelTextField/Pods-SkyFloatingLabelTextField.debug.xcconfig"; sourceTree = "<group>"; };
/* End PBXFileReference section */

/* Begin PBXFrameworksBuildPhase section */
		39AAE76922CEEE8900BB837C /* Frameworks */ = {
			isa = PBXFrameworksBuildPhase;
			buildActionMask = 2147483647;
			files = (
				1D79C97C02E9A6FB847761CF /* Pods_SkyFloatingLabelTextField.framework in Frameworks */,
			);
			runOnlyForDeploymentPostprocessing = 0;
		};
/* End PBXFrameworksBuildPhase section */

/* Begin PBXGroup section */
		39AAE76322CEEE8900BB837C = {
			isa = PBXGroup;
			children = (
				39AAE76E22CEEE8900BB837C /* SkyFloatingLabelTextField */,
				39AAE76D22CEEE8900BB837C /* Products */,
				EC1320E2CC59D4B60A9CAFC9 /* Pods */,
				D946EF7E7DD12996BACE45BB /* Frameworks */,
			);
			sourceTree = "<group>";
		};
		39AAE76D22CEEE8900BB837C /* Products */ = {
			isa = PBXGroup;
			children = (
				39AAE76C22CEEE8900BB837C /* SkyFloatingLabelTextField.app */,
			);
			name = Products;
			sourceTree = "<group>";
		};
		39AAE76E22CEEE8900BB837C /* SkyFloatingLabelTextField */ = {
			isa = PBXGroup;
			children = (
				39AAE76F22CEEE8900BB837C /* AppDelegate.swift */,
				39AAE77122CEEE8900BB837C /* ViewController.swift */,
				39AAE77322CEEE8900BB837C /* Main.storyboard */,
				39AAE77622CEEE8A00BB837C /* Assets.xcassets */,
				39AAE77822CEEE8A00BB837C /* LaunchScreen.storyboard */,
				39AAE77B22CEEE8A00BB837C /* Info.plist */,
			);
			path = SkyFloatingLabelTextField;
			sourceTree = "<group>";
		};
		D946EF7E7DD12996BACE45BB /* Frameworks */ = {
			isa = PBXGroup;
			children = (
				2ED1BD0F43C92AF402061223 /* Pods_SkyFloatingLabelTextField.framework */,
			);
			name = Frameworks;
			sourceTree = "<group>";
		};
		EC1320E2CC59D4B60A9CAFC9 /* Pods */ = {
			isa = PBXGroup;
			children = (
				96468E81F59DB16C9F573449 /* Pods-SkyFloatingLabelTextField.debug.xcconfig */,
				7E65DDD3F7F8D87FC578E385 /* Pods-SkyFloatingLabelTextField.release.xcconfig */,
			);
			name = Pods;
			path = Pods;
			sourceTree = "<group>";
		};
/* End PBXGroup section */

/* Begin PBXNativeTarget section */
		39AAE76B22CEEE8900BB837C /* SkyFloatingLabelTextField */ = {
			isa = PBXNativeTarget;
			buildConfigurationList = 39AAE77E22CEEE8A00BB837C /* Build configuration list for PBXNativeTarget "SkyFloatingLabelTextField" */;
			buildPhases = (
				3FD7F218182D729A88A48626 /* [CP] Check Pods Manifest.lock */,
				39AAE76822CEEE8900BB837C /* Sources */,
				39AAE76922CEEE8900BB837C /* Frameworks */,
				39AAE76A22CEEE8900BB837C /* Resources */,
				D188B046F8EA6F998FFB9509 /* [CP] Embed Pods Frameworks */,
			);
			buildRules = (
			);
			dependencies = (
			);
			name = SkyFloatingLabelTextField;
			productName = SkyFloatingLabelTextField;
			productReference = 39AAE76C22CEEE8900BB837C /* SkyFloatingLabelTextField.app */;
			productType = "com.apple.product-type.application";
		};
/* End PBXNativeTarget section */

/* Begin PBXProject section */
		39AAE76422CEEE8900BB837C /* Project object */ = {
			isa = PBXProject;
			attributes = {
				LastSwiftUpdateCheck = 1010;
				LastUpgradeCheck = 1010;
				ORGANIZATIONNAME = Gustavo;
				TargetAttributes = {
					39AAE76B22CEEE8900BB837C = {
						CreatedOnToolsVersion = 10.1;
					};
				};
			};
			buildConfigurationList = 39AAE76722CEEE8900BB837C /* Build configuration list for PBXProject "SkyFloatingLabelTextField" */;
			compatibilityVersion = "Xcode 9.3";
			developmentRegion = en;
			hasScannedForEncodings = 0;
			knownRegions = (
				en,
				Base,
			);
			mainGroup = 39AAE76322CEEE8900BB837C;
			productRefGroup = 39AAE76D22CEEE8900BB837C /* Products */;
			projectDirPath = "";
			projectRoot = "";
			targets = (
				39AAE76B22CEEE8900BB837C /* SkyFloatingLabelTextField */,
			);
		};
/* End PBXProject section */

/* Begin PBXResourcesBuildPhase section */
		39AAE76A22CEEE8900BB837C /* Resources */ = {
			isa = PBXResourcesBuildPhase;
			buildActionMask = 2147483647;
			files = (
				39AAE77A22CEEE8A00BB837C /* LaunchScreen.storyboard in Resources */,
				39AAE77722CEEE8A00BB837C /* Assets.xcassets in Resources */,
				39AAE77522CEEE8900BB837C /* Main.storyboard in Resources */,
			);
			runOnlyForDeploymentPostprocessing = 0;
		};
/* End PBXResourcesBuildPhase section */

/* Begin PBXShellScriptBuildPhase section */
		3FD7F218182D729A88A48626 /* [CP] Check Pods Manifest.lock */ = {
			isa = PBXShellScriptBuildPhase;
			buildActionMask = 2147483647;
			files = (
			);
			inputFileListPaths = (
			);
			inputPaths = (
				"${PODS_PODFILE_DIR_PATH}/Podfile.lock",
				"${PODS_ROOT}/Manifest.lock",
			);
			name = "[CP] Check Pods Manifest.lock";
			outputFileListPaths = (
			);
			outputPaths = (
				"$(DERIVED_FILE_DIR)/Pods-SkyFloatingLabelTextField-checkManifestLockResult.txt",
			);
			runOnlyForDeploymentPostprocessing = 0;
			shellPath = /bin/sh;
			shellScript = "diff \"${PODS_PODFILE_DIR_PATH}/Podfile.lock\" \"${PODS_ROOT}/Manifest.lock\" > /dev/null\nif [ $? != 0 ] ; then\n    # print error to STDERR\n    echo \"error: The sandbox is not in sync with the Podfile.lock. Run 'pod install' or update your CocoaPods installation.\" >&2\n    exit 1\nfi\n# This output is used by Xcode 'outputs' to avoid re-running this script phase.\necho \"SUCCESS\" > \"${SCRIPT_OUTPUT_FILE_0}\"\n";
			showEnvVarsInLog = 0;
		};
		D188B046F8EA6F998FFB9509 /* [CP] Embed Pods Frameworks */ = {
			isa = PBXShellScriptBuildPhase;
			buildActionMask = 2147483647;
			files = (
			);
			inputFileListPaths = (
				"${PODS_ROOT}/Target Support Files/Pods-SkyFloatingLabelTextField/Pods-SkyFloatingLabelTextField-frameworks-${CONFIGURATION}-input-files.xcfilelist",
			);
			name = "[CP] Embed Pods Frameworks";
			outputFileListPaths = (
				"${PODS_ROOT}/Target Support Files/Pods-SkyFloatingLabelTextField/Pods-SkyFloatingLabelTextField-frameworks-${CONFIGURATION}-output-files.xcfilelist",
			);
			runOnlyForDeploymentPostprocessing = 0;
			shellPath = /bin/sh;
			shellScript = "\"${PODS_ROOT}/Target Support Files/Pods-SkyFloatingLabelTextField/Pods-SkyFloatingLabelTextField-frameworks.sh\"\n";
			showEnvVarsInLog = 0;
		};
/* End PBXShellScriptBuildPhase section */

/* Begin PBXSourcesBuildPhase section */
		39AAE76822CEEE8900BB837C /* Sources */ = {
			isa = PBXSourcesBuildPhase;
			buildActionMask = 2147483647;
			files = (
				39AAE77222CEEE8900BB837C /* ViewController.swift in Sources */,
				39AAE77022CEEE8900BB837C /* AppDelegate.swift in Sources */,
			);
			runOnlyForDeploymentPostprocessing = 0;
		};
/* End PBXSourcesBuildPhase section */

/* Begin PBXVariantGroup section */
		39AAE77322CEEE8900BB837C /* Main.storyboard */ = {
			isa = PBXVariantGroup;
			children = (
				39AAE77422CEEE8900BB837C /* Base */,
			);
			name = Main.storyboard;
			sourceTree = "<group>";
		};
		39AAE77822CEEE8A00BB837C /* LaunchScreen.storyboard */ = {
			isa = PBXVariantGroup;
			children = (
				39AAE77922CEEE8A00BB837C /* Base */,
			);
			name = LaunchScreen.storyboard;
			sourceTree = "<group>";
		};
/* End PBXVariantGroup section */

/* Begin XCBuildConfiguration section */
		39AAE77C22CEEE8A00BB837C /* Debug */ = {
			isa = XCBuildConfiguration;
			buildSettings = {
				ALWAYS_SEARCH_USER_PATHS = NO;
				CLANG_ANALYZER_NONNULL = YES;
				CLANG_ANALYZER_NUMBER_OBJECT_CONVERSION = YES_AGGRESSIVE;
				CLANG_CXX_LANGUAGE_STANDARD = "gnu++14";
				CLANG_CXX_LIBRARY = "libc++";
				CLANG_ENABLE_MODULES = YES;
				CLANG_ENABLE_OBJC_ARC = YES;
				CLANG_ENABLE_OBJC_WEAK = YES;
				CLANG_WARN_BLOCK_CAPTURE_AUTORELEASING = YES;
				CLANG_WARN_BOOL_CONVERSION = YES;
				CLANG_WARN_COMMA = YES;
				CLANG_WARN_CONSTANT_CONVERSION = YES;
				CLANG_WARN_DEPRECATED_OBJC_IMPLEMENTATIONS = YES;
				CLANG_WARN_DIRECT_OBJC_ISA_USAGE = YES_ERROR;
				CLANG_WARN_DOCUMENTATION_COMMENTS = YES;
				CLANG_WARN_EMPTY_BODY = YES;
				CLANG_WARN_ENUM_CONVERSION = YES;
				CLANG_WARN_INFINITE_RECURSION = YES;
				CLANG_WARN_INT_CONVERSION = YES;
				CLANG_WARN_NON_LITERAL_NULL_CONVERSION = YES;
				CLANG_WARN_OBJC_IMPLICIT_RETAIN_SELF = YES;
				CLANG_WARN_OBJC_LITERAL_CONVERSION = YES;
				CLANG_WARN_OBJC_ROOT_CLASS = YES_ERROR;
				CLANG_WARN_RANGE_LOOP_ANALYSIS = YES;
				CLANG_WARN_STRICT_PROTOTYPES = YES;
				CLANG_WARN_SUSPICIOUS_MOVE = YES;
				CLANG_WARN_UNGUARDED_AVAILABILITY = YES_AGGRESSIVE;
				CLANG_WARN_UNREACHABLE_CODE = YES;
				CLANG_WARN__DUPLICATE_METHOD_MATCH = YES;
				CODE_SIGN_IDENTITY = "iPhone Developer";
				COPY_PHASE_STRIP = NO;
				DEBUG_INFORMATION_FORMAT = dwarf;
				ENABLE_STRICT_OBJC_MSGSEND = YES;
				ENABLE_TESTABILITY = YES;
				GCC_C_LANGUAGE_STANDARD = gnu11;
				GCC_DYNAMIC_NO_PIC = NO;
				GCC_NO_COMMON_BLOCKS = YES;
				GCC_OPTIMIZATION_LEVEL = 0;
				GCC_PREPROCESSOR_DEFINITIONS = (
					"DEBUG=1",
					"$(inherited)",
				);
				GCC_WARN_64_TO_32_BIT_CONVERSION = YES;
				GCC_WARN_ABOUT_RETURN_TYPE = YES_ERROR;
				GCC_WARN_UNDECLARED_SELECTOR = YES;
				GCC_WARN_UNINITIALIZED_AUTOS = YES_AGGRESSIVE;
				GCC_WARN_UNUSED_FUNCTION = YES;
				GCC_WARN_UNUSED_VARIABLE = YES;
				IPHONEOS_DEPLOYMENT_TARGET = 12.1;
				MTL_ENABLE_DEBUG_INFO = INCLUDE_SOURCE;
				MTL_FAST_MATH = YES;
				ONLY_ACTIVE_ARCH = YES;
				SDKROOT = iphoneos;
				SWIFT_ACTIVE_COMPILATION_CONDITIONS = DEBUG;
				SWIFT_OPTIMIZATION_LEVEL = "-Onone";
			};
			name = Debug;
		};
		39AAE77D22CEEE8A00BB837C /* Release */ = {
			isa = XCBuildConfiguration;
			buildSettings = {
				ALWAYS_SEARCH_USER_PATHS = NO;
				CLANG_ANALYZER_NONNULL = YES;
				CLANG_ANALYZER_NUMBER_OBJECT_CONVERSION = YES_AGGRESSIVE;
				CLANG_CXX_LANGUAGE_STANDARD = "gnu++14";
				CLANG_CXX_LIBRARY = "libc++";
				CLANG_ENABLE_MODULES = YES;
				CLANG_ENABLE_OBJC_ARC = YES;
				CLANG_ENABLE_OBJC_WEAK = YES;
				CLANG_WARN_BLOCK_CAPTURE_AUTORELEASING = YES;
				CLANG_WARN_BOOL_CONVERSION = YES;
				CLANG_WARN_COMMA = YES;
				CLANG_WARN_CONSTANT_CONVERSION = YES;
				CLANG_WARN_DEPRECATED_OBJC_IMPLEMENTATIONS = YES;
				CLANG_WARN_DIRECT_OBJC_ISA_USAGE = YES_ERROR;
				CLANG_WARN_DOCUMENTATION_COMMENTS = YES;
				CLANG_WARN_EMPTY_BODY = YES;
				CLANG_WARN_ENUM_CONVERSION = YES;
				CLANG_WARN_INFINITE_RECURSION = YES;
				CLANG_WARN_INT_CONVERSION = YES;
				CLANG_WARN_NON_LITERAL_NULL_CONVERSION = YES;
				CLANG_WARN_OBJC_IMPLICIT_RETAIN_SELF = YES;
				CLANG_WARN_OBJC_LITERAL_CONVERSION = YES;
				CLANG_WARN_OBJC_ROOT_CLASS = YES_ERROR;
				CLANG_WARN_RANGE_LOOP_ANALYSIS = YES;
				CLANG_WARN_STRICT_PROTOTYPES = YES;
				CLANG_WARN_SUSPICIOUS_MOVE = YES;
				CLANG_WARN_UNGUARDED_AVAILABILITY = YES_AGGRESSIVE;
				CLANG_WARN_UNREACHABLE_CODE = YES;
				CLANG_WARN__DUPLICATE_METHOD_MATCH = YES;
				CODE_SIGN_IDENTITY = "iPhone Developer";
				COPY_PHASE_STRIP = NO;
				DEBUG_INFORMATION_FORMAT = "dwarf-with-dsym";
				ENABLE_NS_ASSERTIONS = NO;
				ENABLE_STRICT_OBJC_MSGSEND = YES;
				GCC_C_LANGUAGE_STANDARD = gnu11;
				GCC_NO_COMMON_BLOCKS = YES;
				GCC_WARN_64_TO_32_BIT_CONVERSION = YES;
				GCC_WARN_ABOUT_RETURN_TYPE = YES_ERROR;
				GCC_WARN_UNDECLARED_SELECTOR = YES;
				GCC_WARN_UNINITIALIZED_AUTOS = YES_AGGRESSIVE;
				GCC_WARN_UNUSED_FUNCTION = YES;
				GCC_WARN_UNUSED_VARIABLE = YES;
				IPHONEOS_DEPLOYMENT_TARGET = 12.1;
				MTL_ENABLE_DEBUG_INFO = NO;
				MTL_FAST_MATH = YES;
				SDKROOT = iphoneos;
				SWIFT_COMPILATION_MODE = wholemodule;
				SWIFT_OPTIMIZATION_LEVEL = "-O";
				VALIDATE_PRODUCT = YES;
			};
			name = Release;
		};
		39AAE77F22CEEE8A00BB837C /* Debug */ = {
			isa = XCBuildConfiguration;
			baseConfigurationReference = 96468E81F59DB16C9F573449 /* Pods-SkyFloatingLabelTextField.debug.xcconfig */;
			buildSettings = {
				ASSETCATALOG_COMPILER_APPICON_NAME = AppIcon;
				CODE_SIGN_STYLE = Automatic;
				INFOPLIST_FILE = SkyFloatingLabelTextField/Info.plist;
				LD_RUNPATH_SEARCH_PATHS = (
					"$(inherited)",
					"@executable_path/Frameworks",
				);
				PRODUCT_BUNDLE_IDENTIFIER = br.com.SkyFloatingLabelTextField;
				PRODUCT_NAME = "$(TARGET_NAME)";
				SWIFT_VERSION = 4.2;
				TARGETED_DEVICE_FAMILY = "1,2";
			};
			name = Debug;
		};
		39AAE78022CEEE8A00BB837C /* Release */ = {
			isa = XCBuildConfiguration;
			baseConfigurationReference = 7E65DDD3F7F8D87FC578E385 /* Pods-SkyFloatingLabelTextField.release.xcconfig */;
			buildSettings = {
				ASSETCATALOG_COMPILER_APPICON_NAME = AppIcon;
				CODE_SIGN_STYLE = Automatic;
				INFOPLIST_FILE = SkyFloatingLabelTextField/Info.plist;
				LD_RUNPATH_SEARCH_PATHS = (
					"$(inherited)",
					"@executable_path/Frameworks",
				);
				PRODUCT_BUNDLE_IDENTIFIER = br.com.SkyFloatingLabelTextField;
				PRODUCT_NAME = "$(TARGET_NAME)";
				SWIFT_VERSION = 4.2;
				TARGETED_DEVICE_FAMILY = "1,2";
			};
			name = Release;
		};
/* End XCBuildConfiguration section */

/* Begin XCConfigurationList section */
		39AAE76722CEEE8900BB837C /* Build configuration list for PBXProject "SkyFloatingLabelTextField" */ = {
			isa = XCConfigurationList;
			buildConfigurations = (
				39AAE77C22CEEE8A00BB837C /* Debug */,
				39AAE77D22CEEE8A00BB837C /* Release */,
			);
			defaultConfigurationIsVisible = 0;
			defaultConfigurationName = Release;
		};
		39AAE77E22CEEE8A00BB837C /* Build configuration list for PBXNativeTarget "SkyFloatingLabelTextField" */ = {
			isa = XCConfigurationList;
			buildConfigurations = (
				39AAE77F22CEEE8A00BB837C /* Debug */,
				39AAE78022CEEE8A00BB837C /* Release */,
			);
			defaultConfigurationIsVisible = 0;
			defaultConfigurationName = Release;
		};
/* End XCConfigurationList section */
	};
	rootObject = 39AAE76422CEEE8900BB837C /* Project object */;
}
